
Microsoft Visual Studio Solution File, Format Version 12.00
# Visual Studio Version 16
VisualStudioVersion = 16.0.30804.86
MinimumVisualStudioVersion = 10.0.40219.1
Project("{FAE04EC0-301F-11D3-BF4B-00C04F79EFBC}") = "NullPropagationVisitor", "NullPropagationVisitor\NullPropagationVisitor.csproj", "{923BC3C9-BAC1-48F7-9DE8-91D88819C29D}"
EndProject
Project("{FAE04EC0-301F-11D3-BF4B-00C04F79EFBC}") = "NullPropagationVisitor.UnitTest", "NullPropagationVisitor.UnitTest\NullPropagationVisitor.UnitTest.csproj", "{9B2E7E94-5CC4-4993-B6B6-645B24022A5A}"
EndProject
Global
	GlobalSection(SolutionConfigurationPlatforms) = preSolution
		Debug|Any CPU = Debug|Any CPU
		Release|Any CPU = Release|Any CPU
	EndGlobalSection
	GlobalSection(ProjectConfigurationPlatforms) = postSolution
		{923BC3C9-BAC1-48F7-9DE8-91D88819C29D}.Debug|Any CPU.ActiveCfg = Debug|Any CPU
		{923BC3C9-BAC1-48F7-9DE8-91D88819C29D}.Debug|Any CPU.Build.0 = Debug|Any CPU
		{923BC3C9-BAC1-48F7-9DE8-91D88819C29D}.Release|Any CPU.ActiveCfg = Release|Any CPU
		{923BC3C9-BAC1-48F7-9DE8-91D88819C29D}.Release|Any CPU.Build.0 = Release|Any CPU
		{9B2E7E94-5CC4-4993-B6B6-645B24022A5A}.Debug|Any CPU.ActiveCfg = Debug|Any CPU
		{9B2E7E94-5CC4-4993-B6B6-645B24022A5A}.Debug|Any CPU.Build.0 = Debug|Any CPU
		{9B2E7E94-5CC4-4993-B6B6-645B24022A5A}.Release|Any CPU.ActiveCfg = Release|Any CPU
		{9B2E7E94-5CC4-4993-B6B6-645B24022A5A}.Release|Any CPU.Build.0 = Release|Any CPU
	EndGlobalSection
	GlobalSection(SolutionProperties) = preSolution
		HideSolutionNode = FALSE
	EndGlobalSection
	GlobalSection(ExtensibilityGlobals) = postSolution
		SolutionGuid = {3B7985C7-8BED-4F88-9E5F-E1D3E59E5FC8}
	EndGlobalSection
EndGlobal
